
Microsoft Visual Studio Solution File, Format Version 12.00
# Visual Studio Version 17
VisualStudioVersion = 17.0.31903.59
MinimumVisualStudioVersion = 10.0.40219.1
Project("{FAE04EC0-301F-11D3-BF4B-00C04F79EFBC}") = "Conways SpieldesLebens", "Conways SpieldesLebens\Conways SpieldesLebens.csproj", "{3F4DDAFB-73DB-43E2-BC7B-54C388F99D93}"
EndProject
Global
	GlobalSection(SolutionConfigurationPlatforms) = preSolution
		Debug|Any CPU = Debug|Any CPU
		Release|Any CPU = Release|Any CPU
	EndGlobalSection
	GlobalSection(ProjectConfigurationPlatforms) = postSolution
		{3F4DDAFB-73DB-43E2-BC7B-54C388F99D93}.Debug|Any CPU.ActiveCfg = Debug|Any CPU
		{3F4DDAFB-73DB-43E2-BC7B-54C388F99D93}.Debug|Any CPU.Build.0 = Debug|Any CPU
		{3F4DDAFB-73DB-43E2-BC7B-54C388F99D93}.Release|Any CPU.ActiveCfg = Release|Any CPU
		{3F4DDAFB-73DB-43E2-BC7B-54C388F99D93}.Release|Any CPU.Build.0 = Release|Any CPU
	EndGlobalSection
	GlobalSection(SolutionProperties) = preSolution
		HideSolutionNode = FALSE
	EndGlobalSection
	GlobalSection(ExtensibilityGlobals) = postSolution
		SolutionGuid = {41A4D077-9433-4318-B34F-20A8B4C350B3}
	EndGlobalSection
EndGlobal
